
Microsoft Visual Studio Solution File, Format Version 12.00
# Visual Studio Version 16
VisualStudioVersion = 16.0.31019.194
MinimumVisualStudioVersion = 10.0.40219.1
Project("{FAE04EC0-301F-11D3-BF4B-00C04F79EFBC}") = "CryptographyHelper", "CryptographyHelper\CryptographyHelper.csproj", "{434B8320-472F-46F2-9CEA-8D6BEDFE2F5C}"
EndProject
Global
	GlobalSection(SolutionConfigurationPlatforms) = preSolution
		Debug|Any CPU = Debug|Any CPU
		Release|Any CPU = Release|Any CPU
	EndGlobalSection
	GlobalSection(ProjectConfigurationPlatforms) = postSolution
		{434B8320-472F-46F2-9CEA-8D6BEDFE2F5C}.Debug|Any CPU.ActiveCfg = Debug|Any CPU
		{434B8320-472F-46F2-9CEA-8D6BEDFE2F5C}.Debug|Any CPU.Build.0 = Debug|Any CPU
		{434B8320-472F-46F2-9CEA-8D6BEDFE2F5C}.Release|Any CPU.ActiveCfg = Release|Any CPU
		{434B8320-472F-46F2-9CEA-8D6BEDFE2F5C}.Release|Any CPU.Build.0 = Release|Any CPU
	EndGlobalSection
	GlobalSection(SolutionProperties) = preSolution
		HideSolutionNode = FALSE
	EndGlobalSection
	GlobalSection(ExtensibilityGlobals) = postSolution
		SolutionGuid = {E748E460-6476-40E8-8AC7-5B4C26FD729D}
	EndGlobalSection
EndGlobal
